
Microsoft Visual Studio Solution File, Format Version 12.00
# Visual Studio 15
VisualStudioVersion = 15.0.28306.52
MinimumVisualStudioVersion = 10.0.40219.1
Project("{FAE04EC0-301F-11D3-BF4B-00C04F79EFBC}") = "ZadanieRekrutacyjne", "ZadanieRekrutacyjne\ZadanieRekrutacyjne.csproj", "{D643CD6D-C216-4766-B2BC-F3E3C6C10BA4}"
EndProject
Global
	GlobalSection(SolutionConfigurationPlatforms) = preSolution
		Debug|Any CPU = Debug|Any CPU
		Release|Any CPU = Release|Any CPU
	EndGlobalSection
	GlobalSection(ProjectConfigurationPlatforms) = postSolution
		{D643CD6D-C216-4766-B2BC-F3E3C6C10BA4}.Debug|Any CPU.ActiveCfg = Debug|Any CPU
		{D643CD6D-C216-4766-B2BC-F3E3C6C10BA4}.Debug|Any CPU.Build.0 = Debug|Any CPU
		{D643CD6D-C216-4766-B2BC-F3E3C6C10BA4}.Release|Any CPU.ActiveCfg = Release|Any CPU
		{D643CD6D-C216-4766-B2BC-F3E3C6C10BA4}.Release|Any CPU.Build.0 = Release|Any CPU
	EndGlobalSection
	GlobalSection(SolutionProperties) = preSolution
		HideSolutionNode = FALSE
	EndGlobalSection
	GlobalSection(ExtensibilityGlobals) = postSolution
		SolutionGuid = {3509B2CA-B33C-4BDE-9197-EBBACA7F988D}
	EndGlobalSection
EndGlobal
